
Microsoft Visual Studio Solution File, Format Version 12.00
# Visual Studio Version 17
VisualStudioVersion = 17.4.33213.308
MinimumVisualStudioVersion = 10.0.40219.1
Project("{FAE04EC0-301F-11D3-BF4B-00C04F79EFBC}") = "SimpleInheritance", "SimpleInheritance\SimpleInheritance.csproj", "{F50C231E-1C8E-4348-9952-F1A392040ED2}"
EndProject
Global
	GlobalSection(SolutionConfigurationPlatforms) = preSolution
		Debug|Any CPU = Debug|Any CPU
		Release|Any CPU = Release|Any CPU
	EndGlobalSection
	GlobalSection(ProjectConfigurationPlatforms) = postSolution
		{F50C231E-1C8E-4348-9952-F1A392040ED2}.Debug|Any CPU.ActiveCfg = Debug|Any CPU
		{F50C231E-1C8E-4348-9952-F1A392040ED2}.Debug|Any CPU.Build.0 = Debug|Any CPU
		{F50C231E-1C8E-4348-9952-F1A392040ED2}.Release|Any CPU.ActiveCfg = Release|Any CPU
		{F50C231E-1C8E-4348-9952-F1A392040ED2}.Release|Any CPU.Build.0 = Release|Any CPU
	EndGlobalSection
	GlobalSection(SolutionProperties) = preSolution
		HideSolutionNode = FALSE
	EndGlobalSection
	GlobalSection(ExtensibilityGlobals) = postSolution
		SolutionGuid = {A4EED334-BA9D-486D-B2A0-93EF488F4C29}
	EndGlobalSection
EndGlobal
